Microsoft Visual Studio Solution File, Format Version 12.00
# Visual Studio Version 17
VisualStudioVersion = 17.5.2.0
MinimumVisualStudioVersion = 10.0.40219.1
Project("{FAE04EC0-301F-11D3-BF4B-00C04F79EFBC}") = "BudgetPlus", "BudgetPlus.csproj", "{02C7CB60-0548-80A1-EA1F-ED562FD14456}"
EndProject
Global
	GlobalSection(SolutionConfigurationPlatforms) = preSolution
		Debug|Any CPU = Debug|Any CPU
		Release|Any CPU = Release|Any CPU
	EndGlobalSection
	GlobalSection(ProjectConfigurationPlatforms) = postSolution
		{02C7CB60-0548-80A1-EA1F-ED562FD14456}.Debug|Any CPU.ActiveCfg = Debug|Any CPU
		{02C7CB60-0548-80A1-EA1F-ED562FD14456}.Debug|Any CPU.Build.0 = Debug|Any CPU
		{02C7CB60-0548-80A1-EA1F-ED562FD14456}.Release|Any CPU.ActiveCfg = Release|Any CPU
		{02C7CB60-0548-80A1-EA1F-ED562FD14456}.Release|Any CPU.Build.0 = Release|Any CPU
	EndGlobalSection
	GlobalSection(SolutionProperties) = preSolution
		HideSolutionNode = FALSE
	EndGlobalSection
	GlobalSection(ExtensibilityGlobals) = postSolution
		SolutionGuid = {D411E68B-BC62-428F-8CF2-16ADB0C0680E}
	EndGlobalSection
EndGlobal
